
Microsoft Visual Studio Solution File, Format Version 12.00
# Visual Studio Version 17
VisualStudioVersion = 17.0.31919.166
MinimumVisualStudioVersion = 10.0.40219.1
Project("{8BC9CEB8-8B4A-11D0-8D11-00A0C91BC942}") = "Ropeway", "Ropeway\Ropeway.vcxproj", "{ED5836BD-EF6D-417B-8F8B-F81231C3B1CD}"
EndProject
Project("{8BC9CEB8-8B4A-11D0-8D11-00A0C91BC942}") = "Electrohammer", "Electrohammer\Electrohammer.vcxproj", "{8FB9DC3D-D0FA-41C9-BF3C-F654158395F0}"
EndProject
Project("{8BC9CEB8-8B4A-11D0-8D11-00A0C91BC942}") = "CrammedPiranhas", "CrammedPiranhas\CrammedPiranhas.vcxproj", "{408C8BC4-8335-4449-9399-1FFCE1557BDB}"
EndProject
Project("{8BC9CEB8-8B4A-11D0-8D11-00A0C91BC942}") = "HiddenDoor", "HiddenDoor\HiddenDoor.vcxproj", "{7F280403-2168-46AA-AFFF-0B3C2E29732F}"
EndProject
Project("{8BC9CEB8-8B4A-11D0-8D11-00A0C91BC942}") = "StackedBooks", "StackedBooks\StackedBooks.vcxproj", "{9418C892-FB47-4D76-857A-E7E81F095EF6}"
EndProject
Project("{8BC9CEB8-8B4A-11D0-8D11-00A0C91BC942}") = "Crossbow", "Crossbow\Crossbow.vcxproj", "{678F80C6-877A-4EE1-81FD-B106A2989986}"
EndProject
Project("{8BC9CEB8-8B4A-11D0-8D11-00A0C91BC942}") = "HydraulicPress", "HydraulicPress\HydraulicPress.vcxproj", "{1E261FA8-C975-482D-BE73-D95014A06938}"
EndProject
Project("{8BC9CEB8-8B4A-11D0-8D11-00A0C91BC942}") = "MarkerStone", "MarkerStone\MarkerStone.vcxproj", "{731B48A6-CBE7-4AF6-BAA5-1DAFE6235AFF}"
EndProject
Project("{8BC9CEB8-8B4A-11D0-8D11-00A0C91BC942}") = "ScratchedHandcuffs", "ScratchedHandcuffs\ScratchedHandcuffs.vcxproj", "{1F0CB284-DA7D-4D75-A678-20A9DBF850C9}"
EndProject
Project("{FAE04EC0-301F-11D3-BF4B-00C04F79EFBC}") = "ScratchedHandcuffs_GUI", "ScratchedHandcuffs_GUI\ScratchedHandcuffs_GUI.csproj", "{399737A7-1B67-474A-8150-212AB00168D1}"
EndProject
Project("{8BC9CEB8-8B4A-11D0-8D11-00A0C91BC942}") = "ToiletPaper", "ToiletPaper\ToiletPaper.vcxproj", "{00DFC595-9B9C-4FE0-9551-F40A4D4B55FB}"
EndProject
Project("{FAE04EC0-301F-11D3-BF4B-00C04F79EFBC}") = "ToiletPaper_GUI", "ToiletPaper_GUI\ToiletPaper_GUI.csproj", "{6B507FA4-7305-43C6-8B8E-2D22D8BD5DC5}"
EndProject
Project("{8BC9CEB8-8B4A-11D0-8D11-00A0C91BC942}") = "WhiteSheet", "WhiteSheet\WhiteSheet.vcxproj", "{E37E23BA-CC8F-4CDA-99EB-5F494B50508A}"
EndProject
Project("{8BC9CEB8-8B4A-11D0-8D11-00A0C91BC942}") = "Necronomicon", "Necronomicon\Necronomicon.vcxproj", "{231B37D8-ECEC-423D-9CF7-668191543451}"
EndProject
Project("{9A19103F-16F7-4668-BE54-9A1E7A4F7556}") = "LooseFloorboard", "LooseFloorboard\LooseFloorboard.csproj", "{808BFABE-D77A-4FDE-97A8-8EFCD716FEC4}"
EndProject
Project("{8BC9CEB8-8B4A-11D0-8D11-00A0C91BC942}") = "PoolRules", "PoolRules\PoolRules.vcxproj", "{A7BF914B-5683-4FD0-B786-55BBF645E070}"
EndProject
Project("{2150E333-8FDC-42A3-9474-1A3956D46DE8}") = "Common", "Common", "{CD26532E-AC86-4ADE-BD64-F8291BE77242}"
	ProjectSection(SolutionItems) = preProject
		Common\Common.h = Common\Common.h
		Common\Config.h = Common\Config.h
	EndProjectSection
EndProject
Project("{9A19103F-16F7-4668-BE54-9A1E7A4F7556}") = "Bugvac", "Bugvac\Bugvac.csproj", "{B4693F26-0AE6-417D-9EB7-E82ED6BFB0E4}"
EndProject
Global
	GlobalSection(SolutionConfigurationPlatforms) = preSolution
		Debug|Any CPU = Debug|Any CPU
		Debug|x64 = Debug|x64
		Debug|x86 = Debug|x86
		Release|Any CPU = Release|Any CPU
		Release|x64 = Release|x64
		Release|x86 = Release|x86
	EndGlobalSection
	GlobalSection(ProjectConfigurationPlatforms) = postSolution
		{ED5836BD-EF6D-417B-8F8B-F81231C3B1CD}.Debug|Any CPU.ActiveCfg = Debug|Win32
		{ED5836BD-EF6D-417B-8F8B-F81231C3B1CD}.Debug|x64.ActiveCfg = Debug|x64
		{ED5836BD-EF6D-417B-8F8B-F81231C3B1CD}.Debug|x64.Build.0 = Debug|x64
		{ED5836BD-EF6D-417B-8F8B-F81231C3B1CD}.Debug|x86.ActiveCfg = Debug|Win32
		{ED5836BD-EF6D-417B-8F8B-F81231C3B1CD}.Debug|x86.Build.0 = Debug|Win32
		{ED5836BD-EF6D-417B-8F8B-F81231C3B1CD}.Release|Any CPU.ActiveCfg = Release|Win32
		{ED5836BD-EF6D-417B-8F8B-F81231C3B1CD}.Release|Any CPU.Build.0 = Release|Win32
		{ED5836BD-EF6D-417B-8F8B-F81231C3B1CD}.Release|x64.ActiveCfg = Release|x64
		{ED5836BD-EF6D-417B-8F8B-F81231C3B1CD}.Release|x64.Build.0 = Release|x64
		{ED5836BD-EF6D-417B-8F8B-F81231C3B1CD}.Release|x86.ActiveCfg = Release|Win32
		{ED5836BD-EF6D-417B-8F8B-F81231C3B1CD}.Release|x86.Build.0 = Release|Win32
		{8FB9DC3D-D0FA-41C9-BF3C-F654158395F0}.Debug|Any CPU.ActiveCfg = Debug|Win32
		{8FB9DC3D-D0FA-41C9-BF3C-F654158395F0}.Debug|x64.ActiveCfg = Debug|x64
		{8FB9DC3D-D0FA-41C9-BF3C-F654158395F0}.Debug|x64.Build.0 = Debug|x64
		{8FB9DC3D-D0FA-41C9-BF3C-F654158395F0}.Debug|x86.ActiveCfg = Debug|Win32
		{8FB9DC3D-D0FA-41C9-BF3C-F654158395F0}.Debug|x86.Build.0 = Debug|Win32
		{8FB9DC3D-D0FA-41C9-BF3C-F654158395F0}.Release|Any CPU.ActiveCfg = Release|Win32
		{8FB9DC3D-D0FA-41C9-BF3C-F654158395F0}.Release|Any CPU.Build.0 = Release|Win32
		{8FB9DC3D-D0FA-41C9-BF3C-F654158395F0}.Release|x64.ActiveCfg = Release|x64
		{8FB9DC3D-D0FA-41C9-BF3C-F654158395F0}.Release|x64.Build.0 = Release|x64
		{8FB9DC3D-D0FA-41C9-BF3C-F654158395F0}.Release|x86.ActiveCfg = Release|Win32
		{8FB9DC3D-D0FA-41C9-BF3C-F654158395F0}.Release|x86.Build.0 = Release|Win32
		{408C8BC4-8335-4449-9399-1FFCE1557BDB}.Debug|Any CPU.ActiveCfg = Debug|Win32
		{408C8BC4-8335-4449-9399-1FFCE1557BDB}.Debug|x64.ActiveCfg = Debug|x64
		{408C8BC4-8335-4449-9399-1FFCE1557BDB}.Debug|x64.Build.0 = Debug|x64
		{408C8BC4-8335-4449-9399-1FFCE1557BDB}.Debug|x86.ActiveCfg = Debug|Win32
		{408C8BC4-8335-4449-9399-1FFCE1557BDB}.Debug|x86.Build.0 = Debug|Win32
		{408C8BC4-8335-4449-9399-1FFCE1557BDB}.Release|Any CPU.ActiveCfg = Release|Win32
		{408C8BC4-8335-4449-9399-1FFCE1557BDB}.Release|Any CPU.Build.0 = Release|Win32
		{408C8BC4-8335-4449-9399-1FFCE1557BDB}.Release|x64.ActiveCfg = Release|x64
		{408C8BC4-8335-4449-9399-1FFCE1557BDB}.Release|x64.Build.0 = Release|x64
		{408C8BC4-8335-4449-9399-1FFCE1557BDB}.Release|x86.ActiveCfg = Release|Win32
		{408C8BC4-8335-4449-9399-1FFCE1557BDB}.Release|x86.Build.0 = Release|Win32
		{7F280403-2168-46AA-AFFF-0B3C2E29732F}.Debug|Any CPU.ActiveCfg = Debug|Win32
		{7F280403-2168-46AA-AFFF-0B3C2E29732F}.Debug|x64.ActiveCfg = Debug|x64
		{7F280403-2168-46AA-AFFF-0B3C2E29732F}.Debug|x64.Build.0 = Debug|x64
		{7F280403-2168-46AA-AFFF-0B3C2E29732F}.Debug|x86.ActiveCfg = Debug|Win32
		{7F280403-2168-46AA-AFFF-0B3C2E29732F}.Debug|x86.Build.0 = Debug|Win32
		{7F280403-2168-46AA-AFFF-0B3C2E29732F}.Release|Any CPU.ActiveCfg = Release|Win32
		{7F280403-2168-46AA-AFFF-0B3C2E29732F}.Release|Any CPU.Build.0 = Release|Win32
		{7F280403-2168-46AA-AFFF-0B3C2E29732F}.Release|x64.ActiveCfg = Release|x64
		{7F280403-2168-46AA-AFFF-0B3C2E29732F}.Release|x64.Build.0 = Release|x64
		{7F280403-2168-46AA-AFFF-0B3C2E29732F}.Release|x86.ActiveCfg = Release|Win32
		{7F280403-2168-46AA-AFFF-0B3C2E29732F}.Release|x86.Build.0 = Release|Win32
		{9418C892-FB47-4D76-857A-E7E81F095EF6}.Debug|Any CPU.ActiveCfg = Debug|Win32
		{9418C892-FB47-4D76-857A-E7E81F095EF6}.Debug|x64.ActiveCfg = Debug|x64
		{9418C892-FB47-4D76-857A-E7E81F095EF6}.Debug|x64.Build.0 = Debug|x64
		{9418C892-FB47-4D76-857A-E7E81F095EF6}.Debug|x86.ActiveCfg = Debug|Win32
		{9418C892-FB47-4D76-857A-E7E81F095EF6}.Debug|x86.Build.0 = Debug|Win32
		{9418C892-FB47-4D76-857A-E7E81F095EF6}.Release|Any CPU.ActiveCfg = Release|Win32
		{9418C892-FB47-4D76-857A-E7E81F095EF6}.Release|Any CPU.Build.0 = Release|Win32
		{9418C892-FB47-4D76-857A-E7E81F095EF6}.Release|x64.ActiveCfg = Release|x64
		{9418C892-FB47-4D76-857A-E7E81F095EF6}.Release|x64.Build.0 = Release|x64
		{9418C892-FB47-4D76-857A-E7E81F095EF6}.Release|x86.ActiveCfg = Release|Win32
		{9418C892-FB47-4D76-857A-E7E81F095EF6}.Release|x86.Build.0 = Release|Win32
		{678F80C6-877A-4EE1-81FD-B106A2989986}.Debug|Any CPU.ActiveCfg = Debug|Win32
		{678F80C6-877A-4EE1-81FD-B106A2989986}.Debug|x64.ActiveCfg = Debug|x64
		{678F80C6-877A-4EE1-81FD-B106A2989986}.Debug|x64.Build.0 = Debug|x64
		{678F80C6-877A-4EE1-81FD-B106A2989986}.Debug|x86.ActiveCfg = Debug|Win32
		{678F80C6-877A-4EE1-81FD-B106A2989986}.Debug|x86.Build.0 = Debug|Win32
		{678F80C6-877A-4EE1-81FD-B106A2989986}.Release|Any CPU.ActiveCfg = Release|Win32
		{678F80C6-877A-4EE1-81FD-B106A2989986}.Release|Any CPU.Build.0 = Release|Win32
		{678F80C6-877A-4EE1-81FD-B106A2989986}.Release|x64.ActiveCfg = Release|x64
		{678F80C6-877A-4EE1-81FD-B106A2989986}.Release|x64.Build.0 = Release|x64
		{678F80C6-877A-4EE1-81FD-B106A2989986}.Release|x86.ActiveCfg = Release|Win32
		{678F80C6-877A-4EE1-81FD-B106A2989986}.Release|x86.Build.0 = Release|Win32
		{1E261FA8-C975-482D-BE73-D95014A06938}.Debug|Any CPU.ActiveCfg = Debug|Win32
		{1E261FA8-C975-482D-BE73-D95014A06938}.Debug|x64.ActiveCfg = Debug|x64
		{1E261FA8-C975-482D-BE73-D95014A06938}.Debug|x64.Build.0 = Debug|x64
		{1E261FA8-C975-482D-BE73-D95014A06938}.Debug|x86.ActiveCfg = Debug|Win32
		{1E261FA8-C975-482D-BE73-D95014A06938}.Debug|x86.Build.0 = Debug|Win32
		{1E261FA8-C975-482D-BE73-D95014A06938}.Release|Any CPU.ActiveCfg = Release|Win32
		{1E261FA8-C975-482D-BE73-D95014A06938}.Release|Any CPU.Build.0 = Release|Win32
		{1E261FA8-C975-482D-BE73-D95014A06938}.Release|x64.ActiveCfg = Release|x64
		{1E261FA8-C975-482D-BE73-D95014A06938}.Release|x64.Build.0 = Release|x64
		{1E261FA8-C975-482D-BE73-D95014A06938}.Release|x86.ActiveCfg = Release|Win32
		{1E261FA8-C975-482D-BE73-D95014A06938}.Release|x86.Build.0 = Release|Win32
		{731B48A6-CBE7-4AF6-BAA5-1DAFE6235AFF}.Debug|Any CPU.ActiveCfg = Debug|Win32
		{731B48A6-CBE7-4AF6-BAA5-1DAFE6235AFF}.Debug|x64.ActiveCfg = Debug|x64
		{731B48A6-CBE7-4AF6-BAA5-1DAFE6235AFF}.Debug|x64.Build.0 = Debug|x64
		{731B48A6-CBE7-4AF6-BAA5-1DAFE6235AFF}.Debug|x86.ActiveCfg = Debug|Win32
		{731B48A6-CBE7-4AF6-BAA5-1DAFE6235AFF}.Debug|x86.Build.0 = Debug|Win32
		{731B48A6-CBE7-4AF6-BAA5-1DAFE6235AFF}.Release|Any CPU.ActiveCfg = Release|Win32
		{731B48A6-CBE7-4AF6-BAA5-1DAFE6235AFF}.Release|Any CPU.Build.0 = Release|Win32
		{731B48A6-CBE7-4AF6-BAA5-1DAFE6235AFF}.Release|x64.ActiveCfg = Release|x64
		{731B48A6-CBE7-4AF6-BAA5-1DAFE6235AFF}.Release|x64.Build.0 = Release|x64
		{731B48A6-CBE7-4AF6-BAA5-1DAFE6235AFF}.Release|x86.ActiveCfg = Release|Win32
		{731B48A6-CBE7-4AF6-BAA5-1DAFE6235AFF}.Release|x86.Build.0 = Release|Win32
		{1F0CB284-DA7D-4D75-A678-20A9DBF850C9}.Debug|Any CPU.ActiveCfg = Debug|Win32
		{1F0CB284-DA7D-4D75-A678-20A9DBF850C9}.Debug|x64.ActiveCfg = Debug|x64
		{1F0CB284-DA7D-4D75-A678-20A9DBF850C9}.Debug|x64.Build.0 = Debug|x64
		{1F0CB284-DA7D-4D75-A678-20A9DBF850C9}.Debug|x86.ActiveCfg = Debug|Win32
		{1F0CB284-DA7D-4D75-A678-20A9DBF850C9}.Debug|x86.Build.0 = Debug|Win32
		{1F0CB284-DA7D-4D75-A678-20A9DBF850C9}.Release|Any CPU.ActiveCfg = Release|Win32
		{1F0CB284-DA7D-4D75-A678-20A9DBF850C9}.Release|x64.ActiveCfg = Release|x64
		{1F0CB284-DA7D-4D75-A678-20A9DBF850C9}.Release|x64.Build.0 = Release|x64
		{1F0CB284-DA7D-4D75-A678-20A9DBF850C9}.Release|x86.ActiveCfg = Release|Win32
		{1F0CB284-DA7D-4D75-A678-20A9DBF850C9}.Release|x86.Build.0 = Release|Win32
		{399737A7-1B67-474A-8150-212AB00168D1}.Debug|Any CPU.ActiveCfg = Debug|Any CPU
		{399737A7-1B67-474A-8150-212AB00168D1}.Debug|Any CPU.Build.0 = Debug|Any CPU
		{399737A7-1B67-474A-8150-212AB00168D1}.Debug|x64.ActiveCfg = Debug|Any CPU
		{399737A7-1B67-474A-8150-212AB00168D1}.Debug|x64.Build.0 = Debug|Any CPU
		{399737A7-1B67-474A-8150-212AB00168D1}.Debug|x86.ActiveCfg = Debug|Any CPU
		{399737A7-1B67-474A-8150-212AB00168D1}.Debug|x86.Build.0 = Debug|Any CPU
		{399737A7-1B67-474A-8150-212AB00168D1}.Release|Any CPU.ActiveCfg = Release|Any CPU
		{399737A7-1B67-474A-8150-212AB00168D1}.Release|Any CPU.Build.0 = Release|Any CPU
		{399737A7-1B67-474A-8150-212AB00168D1}.Release|x64.ActiveCfg = Release|Any CPU
		{399737A7-1B67-474A-8150-212AB00168D1}.Release|x64.Build.0 = Release|Any CPU
		{399737A7-1B67-474A-8150-212AB00168D1}.Release|x86.ActiveCfg = Release|Any CPU
		{399737A7-1B67-474A-8150-212AB00168D1}.Release|x86.Build.0 = Release|Any CPU
		{00DFC595-9B9C-4FE0-9551-F40A4D4B55FB}.Debug|Any CPU.ActiveCfg = Debug|Win32
		{00DFC595-9B9C-4FE0-9551-F40A4D4B55FB}.Debug|x64.ActiveCfg = Debug|x64
		{00DFC595-9B9C-4FE0-9551-F40A4D4B55FB}.Debug|x64.Build.0 = Debug|x64
		{00DFC595-9B9C-4FE0-9551-F40A4D4B55FB}.Debug|x86.ActiveCfg = Debug|Win32
		{00DFC595-9B9C-4FE0-9551-F40A4D4B55FB}.Debug|x86.Build.0 = Debug|Win32
		{00DFC595-9B9C-4FE0-9551-F40A4D4B55FB}.Release|Any CPU.ActiveCfg = Release|Win32
		{00DFC595-9B9C-4FE0-9551-F40A4D4B55FB}.Release|x64.ActiveCfg = Release|x64
		{00DFC595-9B9C-4FE0-9551-F40A4D4B55FB}.Release|x64.Build.0 = Release|x64
		{00DFC595-9B9C-4FE0-9551-F40A4D4B55FB}.Release|x86.ActiveCfg = Release|Win32
		{00DFC595-9B9C-4FE0-9551-F40A4D4B55FB}.Release|x86.Build.0 = Release|Win32
		{6B507FA4-7305-43C6-8B8E-2D22D8BD5DC5}.Debug|Any CPU.ActiveCfg = Debug|Any CPU
		{6B507FA4-7305-43C6-8B8E-2D22D8BD5DC5}.Debug|Any CPU.Build.0 = Debug|Any CPU
		{6B507FA4-7305-43C6-8B8E-2D22D8BD5DC5}.Debug|x64.ActiveCfg = Debug|Any CPU
		{6B507FA4-7305-43C6-8B8E-2D22D8BD5DC5}.Debug|x64.Build.0 = Debug|Any CPU
		{6B507FA4-7305-43C6-8B8E-2D22D8BD5DC5}.Debug|x86.ActiveCfg = Debug|Any CPU
		{6B507FA4-7305-43C6-8B8E-2D22D8BD5DC5}.Debug|x86.Build.0 = Debug|Any CPU
		{6B507FA4-7305-43C6-8B8E-2D22D8BD5DC5}.Release|Any CPU.ActiveCfg = Release|Any CPU
		{6B507FA4-7305-43C6-8B8E-2D22D8BD5DC5}.Release|Any CPU.Build.0 = Release|Any CPU
		{6B507FA4-7305-43C6-8B8E-2D22D8BD5DC5}.Release|x64.ActiveCfg = Release|Any CPU
		{6B507FA4-7305-43C6-8B8E-2D22D8BD5DC5}.Release|x64.Build.0 = Release|Any CPU
		{6B507FA4-7305-43C6-8B8E-2D22D8BD5DC5}.Release|x86.ActiveCfg = Release|Any CPU
		{6B507FA4-7305-43C6-8B8E-2D22D8BD5DC5}.Release|x86.Build.0 = Release|Any CPU
		{E37E23BA-CC8F-4CDA-99EB-5F494B50508A}.Debug|Any CPU.ActiveCfg = Debug|Win32
		{E37E23BA-CC8F-4CDA-99EB-5F494B50508A}.Debug|x64.ActiveCfg = Debug|x64
		{E37E23BA-CC8F-4CDA-99EB-5F494B50508A}.Debug|x64.Build.0 = Debug|x64
		{E37E23BA-CC8F-4CDA-99EB-5F494B50508A}.Debug|x86.ActiveCfg = Debug|Win32
		{E37E23BA-CC8F-4CDA-99EB-5F494B50508A}.Debug|x86.Build.0 = Debug|Win32
		{E37E23BA-CC8F-4CDA-99EB-5F494B50508A}.Release|Any CPU.ActiveCfg = Release|Win32
		{E37E23BA-CC8F-4CDA-99EB-5F494B50508A}.Release|Any CPU.Build.0 = Release|Win32
		{E37E23BA-CC8F-4CDA-99EB-5F494B50508A}.Release|x64.ActiveCfg = Release|x64
		{E37E23BA-CC8F-4CDA-99EB-5F494B50508A}.Release|x64.Build.0 = Release|x64
		{E37E23BA-CC8F-4CDA-99EB-5F494B50508A}.Release|x86.ActiveCfg = Release|Win32
		{E37E23BA-CC8F-4CDA-99EB-5F494B50508A}.Release|x86.Build.0 = Release|Win32
		{231B37D8-ECEC-423D-9CF7-668191543451}.Debug|Any CPU.ActiveCfg = Debug|x64
		{231B37D8-ECEC-423D-9CF7-668191543451}.Debug|Any CPU.Build.0 = Debug|x64
		{231B37D8-ECEC-423D-9CF7-668191543451}.Debug|x64.ActiveCfg = Debug|x64
		{231B37D8-ECEC-423D-9CF7-668191543451}.Debug|x64.Build.0 = Debug|x64
		{231B37D8-ECEC-423D-9CF7-668191543451}.Debug|x86.ActiveCfg = Debug|Win32
		{231B37D8-ECEC-423D-9CF7-668191543451}.Debug|x86.Build.0 = Debug|Win32
		{231B37D8-ECEC-423D-9CF7-668191543451}.Release|Any CPU.ActiveCfg = Release|x64
		{231B37D8-ECEC-423D-9CF7-668191543451}.Release|Any CPU.Build.0 = Release|x64
		{231B37D8-ECEC-423D-9CF7-668191543451}.Release|x64.ActiveCfg = Release|x64
		{231B37D8-ECEC-423D-9CF7-668191543451}.Release|x64.Build.0 = Release|x64
		{231B37D8-ECEC-423D-9CF7-668191543451}.Release|x86.ActiveCfg = Release|Win32
		{231B37D8-ECEC-423D-9CF7-668191543451}.Release|x86.Build.0 = Release|Win32
		{808BFABE-D77A-4FDE-97A8-8EFCD716FEC4}.Debug|Any CPU.ActiveCfg = Debug|Any CPU
		{808BFABE-D77A-4FDE-97A8-8EFCD716FEC4}.Debug|Any CPU.Build.0 = Debug|Any CPU
		{808BFABE-D77A-4FDE-97A8-8EFCD716FEC4}.Debug|x64.ActiveCfg = Debug|Any CPU
		{808BFABE-D77A-4FDE-97A8-8EFCD716FEC4}.Debug|x64.Build.0 = Debug|Any CPU
		{808BFABE-D77A-4FDE-97A8-8EFCD716FEC4}.Debug|x86.ActiveCfg = Debug|Any CPU
		{808BFABE-D77A-4FDE-97A8-8EFCD716FEC4}.Debug|x86.Build.0 = Debug|Any CPU
		{808BFABE-D77A-4FDE-97A8-8EFCD716FEC4}.Release|Any CPU.ActiveCfg = Release|Any CPU
		{808BFABE-D77A-4FDE-97A8-8EFCD716FEC4}.Release|Any CPU.Build.0 = Release|Any CPU
		{808BFABE-D77A-4FDE-97A8-8EFCD716FEC4}.Release|x64.ActiveCfg = Release|Any CPU
		{808BFABE-D77A-4FDE-97A8-8EFCD716FEC4}.Release|x64.Build.0 = Release|Any CPU
		{808BFABE-D77A-4FDE-97A8-8EFCD716FEC4}.Release|x86.ActiveCfg = Release|Any CPU
		{808BFABE-D77A-4FDE-97A8-8EFCD716FEC4}.Release|x86.Build.0 = Release|Any CPU
		{A7BF914B-5683-4FD0-B786-55BBF645E070}.Debug|Any CPU.ActiveCfg = Debug|x64
		{A7BF914B-5683-4FD0-B786-55BBF645E070}.Debug|Any CPU.Build.0 = Debug|x64
		{A7BF914B-5683-4FD0-B786-55BBF645E070}.Debug|x64.ActiveCfg = Debug|x64
		{A7BF914B-5683-4FD0-B786-55BBF645E070}.Debug|x64.Build.0 = Debug|x64
		{A7BF914B-5683-4FD0-B786-55BBF645E070}.Debug|x86.ActiveCfg = Debug|Win32
		{A7BF914B-5683-4FD0-B786-55BBF645E070}.Debug|x86.Build.0 = Debug|Win32
		{A7BF914B-5683-4FD0-B786-55BBF645E070}.Release|Any CPU.ActiveCfg = Release|x64
		{A7BF914B-5683-4FD0-B786-55BBF645E070}.Release|Any CPU.Build.0 = Release|x64
		{A7BF914B-5683-4FD0-B786-55BBF645E070}.Release|x64.ActiveCfg = Release|x64
		{A7BF914B-5683-4FD0-B786-55BBF645E070}.Release|x64.Build.0 = Release|x64
		{A7BF914B-5683-4FD0-B786-55BBF645E070}.Release|x86.ActiveCfg = Release|Win32
		{A7BF914B-5683-4FD0-B786-55BBF645E070}.Release|x86.Build.0 = Release|Win32
		{B4693F26-0AE6-417D-9EB7-E82ED6BFB0E4}.Debug|Any CPU.ActiveCfg = Debug|Any CPU
		{B4693F26-0AE6-417D-9EB7-E82ED6BFB0E4}.Debug|Any CPU.Build.0 = Debug|Any CPU
		{B4693F26-0AE6-417D-9EB7-E82ED6BFB0E4}.Debug|x64.ActiveCfg = Debug|Any CPU
		{B4693F26-0AE6-417D-9EB7-E82ED6BFB0E4}.Debug|x64.Build.0 = Debug|Any CPU
		{B4693F26-0AE6-417D-9EB7-E82ED6BFB0E4}.Debug|x86.ActiveCfg = Debug|Any CPU
		{B4693F26-0AE6-417D-9EB7-E82ED6BFB0E4}.Debug|x86.Build.0 = Debug|Any CPU
		{B4693F26-0AE6-417D-9EB7-E82ED6BFB0E4}.Release|Any CPU.ActiveCfg = Release|Any CPU
		{B4693F26-0AE6-417D-9EB7-E82ED6BFB0E4}.Release|Any CPU.Build.0 = Release|Any CPU
		{B4693F26-0AE6-417D-9EB7-E82ED6BFB0E4}.Release|x64.ActiveCfg = Release|Any CPU
		{B4693F26-0AE6-417D-9EB7-E82ED6BFB0E4}.Release|x64.Build.0 = Release|Any CPU
		{B4693F26-0AE6-417D-9EB7-E82ED6BFB0E4}.Release|x86.ActiveCfg = Release|Any CPU
		{B4693F26-0AE6-417D-9EB7-E82ED6BFB0E4}.Release|x86.Build.0 = Release|Any CPU
	EndGlobalSection
	GlobalSection(SolutionProperties) = preSolution
		HideSolutionNode = FALSE
	EndGlobalSection
	GlobalSection(ExtensibilityGlobals) = postSolution
		SolutionGuid = {FD62A6B5-D312-479B-A626-B20B7046C31C}
	EndGlobalSection
EndGlobal
